<?xml version="1.0" encoding="utf-8"?>
<Project ToolsVersion="4.0" xmlns="http://schemas.microsoft.com/developer/msbuild/2003">
  <ItemGroup>
    <Filter Include="Source Files">
      <UniqueIdentifier>{4FC737F1-C7A5-4376-A066-2A32D752A2FF}</UniqueIdentifier>
      <Extensions>cpp;c;cc;cxx;def;odl;idl;hpj;bat;asm;asmx</Extensions>
    </Filter>
    <Filter Include="Header Files">
      <UniqueIdentifier>{93995380-89BD-4b04-88EB-625FBE52EBFB}</UniqueIdentifier>
      <Extensions>h;hh;hpp;hxx;hm;inl;inc;xsd</Extensions>
    </Filter>
    <Filter Include="Resource Files">
      <UniqueIdentifier>{67DA6AB6-F800-4c08-8B7A-83BB121AAD01}</UniqueIdentifier>
      <Extensions>rc;ico;cur;bmp;dlg;rc2;rct;bin;rgs;gif;jpg;jpeg;jpe;resx;tiff;tif;png;wav;mfcribbon-ms</Extensions>
    </Filter>
    <Filter Include="Header Files\resources">
      <UniqueIdentifier>{23aad4b1-cb88-4ef0-a94b-7f1aff051622}</UniqueIdentifier>
    </Filter>
    <Filter Include="Source Files\resources">
      <UniqueIdentifier>{e5412c4c-0a6a-4098-a03f-3d4b100096be}</UniqueIdentifier>
    </Filter>
    <Filter Include="Header Files\math">
      <UniqueIdentifier>{ea735cb8-967f-4d2f-9f12-27873f68f5a7}</UniqueIdentifier>
    </Filter>
    <Filter Include="Source Files\input">
      <UniqueIdentifier>{fe9c651c-9dd2-409e-924d-e8fe2bdbd90e}</UniqueIdentifier>
    </Filter>
    <Filter Include="Header Files\input">
      <UniqueIdentifier>{d895031b-a4bb-45c0-8fbf-27f0ffa232c3}</UniqueIdentifier>
    </Filter>
    <Filter Include="Header Files\scene">
      <UniqueIdentifier>{f57c2aa3-cd75-442f-868e-5ce39264273b}</UniqueIdentifier>
    </Filter>
    <Filter Include="Source Files\scene">
      <UniqueIdentifier>{8917afb5-f5a5-48f1-989e-047d8d588682}</UniqueIdentifier>
    </Filter>
    <Filter Include="Source Files\physics">
      <UniqueIdentifier>{5b9cf859-0b3b-43bc-9376-3452ed8eabf8}</UniqueIdentifier>
    </Filter>
    <Filter Include="Header Files\physics">
      <UniqueIdentifier>{15511f1b-e7e5-4e1e-8144-554516136eb2}</UniqueIdentifier>
    </Filter>
    <Filter Include="Header Files\scene\animation">
      <UniqueIdentifier>{4663b8be-9561-4b29-b436-76200a076848}</UniqueIdentifier>
    </Filter>
    <Filter Include="Header Files\scene\entities">
      <UniqueIdentifier>{389b8f58-4942-4200-9696-5480f089835d}</UniqueIdentifier>
    </Filter>
    <Filter Include="Header Files\scene\hud">
      <UniqueIdentifier>{31401c7f-b785-4137-8dfb-f79e30819aea}</UniqueIdentifier>
    </Filter>
    <Filter Include="Header Files\scene\lights">
      <UniqueIdentifier>{4e895eb1-b529-46f0-9279-8ca9975f64a7}</UniqueIdentifier>
    </Filter>
    <Filter Include="Source Files\scene\animation">
      <UniqueIdentifier>{39d27ee8-597b-41d7-bfdc-716328adce5d}</UniqueIdentifier>
    </Filter>
    <Filter Include="Source Files\scene\entities">
      <UniqueIdentifier>{a608828d-f722-48a1-aa91-cedb6185413a}</UniqueIdentifier>
    </Filter>
    <Filter Include="Source Files\scene\hud">
      <UniqueIdentifier>{888aaa30-113a-4316-b2e1-05a718b7dba0}</UniqueIdentifier>
    </Filter>
    <Filter Include="Source Files\scene\lights">
      <UniqueIdentifier>{8e5ae25a-09fd-4d3a-a10b-6fd90a260d3b}</UniqueIdentifier>
    </Filter>
  </ItemGroup>
  <ItemGroup>
    <ClInclude Include="stdafx.h">
      <Filter>Header Files</Filter>
    </ClInclude>
    <ClInclude Include="Resource.h">
      <Filter>Header Files</Filter>
    </ClInclude>
    <ClInclude Include="WhamEngine.h">
      <Filter>Header Files</Filter>
    </ClInclude>
    <ClInclude Include="targetver.h">
      <Filter>Header Files</Filter>
    </ClInclude>
    <ClInclude Include="resources\Texture.h">
      <Filter>Header Files\resources</Filter>
    </ClInclude>
    <ClInclude Include="math\Matrix.h">
      <Filter>Header Files\math</Filter>
    </ClInclude>
    <ClInclude Include="math\Quaternion.h">
      <Filter>Header Files\math</Filter>
    </ClInclude>
    <ClInclude Include="math\Vector.h">
      <Filter>Header Files\math</Filter>
    </ClInclude>
    <ClInclude Include="math\Math.h">
      <Filter>Header Files\math</Filter>
    </ClInclude>
    <ClInclude Include="input\InputMan.h">
      <Filter>Header Files\input</Filter>
    </ClInclude>
    <ClInclude Include="physics\PhysicsMan.h">
      <Filter>Header Files\physics</Filter>
    </ClInclude>
    <ClInclude Include="resources\LoadedGeometry.h">
      <Filter>Header Files\resources</Filter>
    </ClInclude>
    <ClInclude Include="RenderMan.h">
      <Filter>Header Files</Filter>
    </ClInclude>
    <ClInclude Include="input\Command.h">
      <Filter>Header Files\input</Filter>
    </ClInclude>
    <ClInclude Include="input\RotationCommand.h">
      <Filter>Header Files\input</Filter>
    </ClInclude>
    <ClInclude Include="input\TranslationCommand.h">
      <Filter>Header Files\input</Filter>
    </ClInclude>
    <ClInclude Include="input\PitchCommand.h">
      <Filter>Header Files\input</Filter>
    </ClInclude>
    <ClInclude Include="input\RollCommand.h">
      <Filter>Header Files\input</Filter>
    </ClInclude>
    <ClInclude Include="input\YawCommand.h">
      <Filter>Header Files\input</Filter>
    </ClInclude>
    <ClInclude Include="input\ScaleCommand.h">
      <Filter>Header Files\input</Filter>
    </ClInclude>
    <ClInclude Include="input\SetGravityCommand.h">
      <Filter>Header Files\input</Filter>
    </ClInclude>
    <ClInclude Include="input\ForwardCommand.h">
      <Filter>Header Files\input</Filter>
    </ClInclude>
    <ClInclude Include="input\RightCommand.h">
      <Filter>Header Files\input</Filter>
    </ClInclude>
    <ClInclude Include="input\UpCommand.h">
      <Filter>Header Files\input</Filter>
    </ClInclude>
    <ClInclude Include="resources\Material.h">
      <Filter>Header Files\resources</Filter>
    </ClInclude>
    <ClInclude Include="scene\Camera.h">
      <Filter>Header Files\scene</Filter>
    </ClInclude>
    <ClInclude Include="scene\Clock.h">
      <Filter>Header Files\scene</Filter>
    </ClInclude>
    <ClInclude Include="scene\Spatial.h">
      <Filter>Header Files\scene</Filter>
    </ClInclude>
    <ClInclude Include="scene\StateMan.h">
      <Filter>Header Files\scene</Filter>
    </ClInclude>
    <ClInclude Include="scene\animation\AnimChannel.h">
      <Filter>Header Files\scene\animation</Filter>
    </ClInclude>
    <ClInclude Include="scene\animation\AnimClip.h">
      <Filter>Header Files\scene\animation</Filter>
    </ClInclude>
    <ClInclude Include="scene\animation\Bone.h">
      <Filter>Header Files\scene\animation</Filter>
    </ClInclude>
    <ClInclude Include="scene\animation\VertexBoneInfo.h">
      <Filter>Header Files\scene\animation</Filter>
    </ClInclude>
    <ClInclude Include="scene\entities\Box.h">
      <Filter>Header Files\scene\entities</Filter>
    </ClInclude>
    <ClInclude Include="scene\entities\Entity.h">
      <Filter>Header Files\scene\entities</Filter>
    </ClInclude>
    <ClInclude Include="scene\entities\Geometry.h">
      <Filter>Header Files\scene\entities</Filter>
    </ClInclude>
    <ClInclude Include="scene\entities\Pyramid.h">
      <Filter>Header Files\scene\entities</Filter>
    </ClInclude>
    <ClInclude Include="scene\entities\Quad.h">
      <Filter>Header Files\scene\entities</Filter>
    </ClInclude>
    <ClInclude Include="scene\entities\Quadric.h">
      <Filter>Header Files\scene\entities</Filter>
    </ClInclude>
    <ClInclude Include="scene\entities\TriMesh.h">
      <Filter>Header Files\scene\entities</Filter>
    </ClInclude>
    <ClInclude Include="scene\lights\Color.h">
      <Filter>Header Files\scene\lights</Filter>
    </ClInclude>
    <ClInclude Include="scene\lights\Light.h">
      <Filter>Header Files\scene\lights</Filter>
    </ClInclude>
    <ClInclude Include="scene\hud\HUDText.h">
      <Filter>Header Files\scene\hud</Filter>
    </ClInclude>
    <ClInclude Include="scene\Scene.h">
      <Filter>Header Files\scene</Filter>
    </ClInclude>
    <ClInclude Include="resources\PoolAllocator.h">
      <Filter>Header Files\resources</Filter>
    </ClInclude>
    <ClInclude Include="resources\ResourceMan.h">
      <Filter>Header Files\resources</Filter>
    </ClInclude>
    <ClInclude Include="resources\DblStackAllocator.h">
      <Filter>Header Files\resources</Filter>
    </ClInclude>
    <ClInclude Include="scene\animation\Node.h">
      <Filter>Header Files\scene\animation</Filter>
    </ClInclude>
  </ItemGroup>
  <ItemGroup>
    <ClCompile Include="stdafx.cpp">
      <Filter>Source Files</Filter>
    </ClCompile>
    <ClCompile Include="WhamEngine.cpp">
      <Filter>Source Files</Filter>
    </ClCompile>
    <ClCompile Include="resources\Texture.cpp">
      <Filter>Source Files\resources</Filter>
    </ClCompile>
    <ClCompile Include="input\InputMan.cpp">
      <Filter>Source Files\input</Filter>
    </ClCompile>
    <ClCompile Include="physics\PhysicsMan.cpp">
      <Filter>Source Files\physics</Filter>
    </ClCompile>
    <ClCompile Include="resources\LoadedGeometry.cpp">
      <Filter>Source Files\resources</Filter>
    </ClCompile>
    <ClCompile Include="RenderMan.cpp">
      <Filter>Source Files</Filter>
    </ClCompile>
    <ClCompile Include="input\PitchCommand.cpp">
      <Filter>Source Files\input</Filter>
    </ClCompile>
    <ClCompile Include="input\RollCommand.cpp">
      <Filter>Source Files\input</Filter>
    </ClCompile>
    <ClCompile Include="input\RotationCommand.cpp">
      <Filter>Source Files\input</Filter>
    </ClCompile>
    <ClCompile Include="input\TranslationCommand.cpp">
      <Filter>Source Files\input</Filter>
    </ClCompile>
    <ClCompile Include="input\YawCommand.cpp">
      <Filter>Source Files\input</Filter>
    </ClCompile>
    <ClCompile Include="input\ScaleCommand.cpp">
      <Filter>Source Files\input</Filter>
    </ClCompile>
    <ClCompile Include="input\SetGravityCommand.cpp">
      <Filter>Source Files\input</Filter>
    </ClCompile>
    <ClCompile Include="input\UpCommand.cpp">
      <Filter>Source Files\input</Filter>
    </ClCompile>
    <ClCompile Include="input\ForwardCommand.cpp">
      <Filter>Source Files\input</Filter>
    </ClCompile>
    <ClCompile Include="input\RightCommand.cpp">
      <Filter>Source Files\input</Filter>
    </ClCompile>
    <ClCompile Include="resources\Material.cpp">
      <Filter>Source Files\resources</Filter>
    </ClCompile>
    <ClCompile Include="scene\Camera.cpp">
      <Filter>Source Files\scene</Filter>
    </ClCompile>
    <ClCompile Include="scene\Clock.cpp">
      <Filter>Source Files\scene</Filter>
    </ClCompile>
    <ClCompile Include="scene\Spatial.cpp">
      <Filter>Source Files\scene</Filter>
    </ClCompile>
    <ClCompile Include="scene\StateMan.cpp">
      <Filter>Source Files\scene</Filter>
    </ClCompile>
    <ClCompile Include="scene\animation\AnimChannel.cpp">
      <Filter>Source Files\scene\animation</Filter>
    </ClCompile>
    <ClCompile Include="scene\animation\AnimClip.cpp">
      <Filter>Source Files\scene\animation</Filter>
    </ClCompile>
    <ClCompile Include="scene\animation\Bone.cpp">
      <Filter>Source Files\scene\animation</Filter>
    </ClCompile>
    <ClCompile Include="scene\animation\VertexBoneInfo.cpp">
      <Filter>Source Files\scene\animation</Filter>
    </ClCompile>
    <ClCompile Include="scene\entities\Box.cpp">
      <Filter>Source Files\scene\entities</Filter>
    </ClCompile>
    <ClCompile Include="scene\entities\Entity.cpp">
      <Filter>Source Files\scene\entities</Filter>
    </ClCompile>
    <ClCompile Include="scene\entities\Geometry.cpp">
      <Filter>Source Files\scene\entities</Filter>
    </ClCompile>
    <ClCompile Include="scene\entities\Pyramid.cpp">
      <Filter>Source Files\scene\entities</Filter>
    </ClCompile>
    <ClCompile Include="scene\entities\Quad.cpp">
      <Filter>Source Files\scene\entities</Filter>
    </ClCompile>
    <ClCompile Include="scene\entities\Quadric.cpp">
      <Filter>Source Files\scene\entities</Filter>
    </ClCompile>
    <ClCompile Include="scene\entities\TriMesh.cpp">
      <Filter>Source Files\scene\entities</Filter>
    </ClCompile>
    <ClCompile Include="scene\lights\Color.cpp">
      <Filter>Source Files\scene\lights</Filter>
    </ClCompile>
    <ClCompile Include="scene\lights\Light.cpp">
      <Filter>Source Files\scene\lights</Filter>
    </ClCompile>
    <ClCompile Include="scene\hud\HUDText.cpp">
      <Filter>Source Files\scene\hud</Filter>
    </ClCompile>
    <ClCompile Include="scene\Scene.cpp">
      <Filter>Source Files\scene</Filter>
    </ClCompile>
    <ClCompile Include="resources\ResourceMan.cpp">
      <Filter>Source Files\resources</Filter>
    </ClCompile>
    <ClCompile Include="scene\animation\Node.cpp">
      <Filter>Source Files\scene\animation</Filter>
    </ClCompile>
  </ItemGroup>
  <ItemGroup>
    <ResourceCompile Include="WhamEngine.rc">
      <Filter>Resource Files</Filter>
    </ResourceCompile>
  </ItemGroup>
  <ItemGroup>
    <Image Include="small.ico">
      <Filter>Resource Files</Filter>
    </Image>
    <Image Include="WhamEngine.ico">
      <Filter>Resource Files</Filter>
    </Image>
  </ItemGroup>
</Project>