<?xml version="1.0" encoding="utf-8"?>
<Project ToolsVersion="4.0" xmlns="http://schemas.microsoft.com/developer/msbuild/2003">
  <ItemGroup>
    <Filter Include="Source Files">
      <UniqueIdentifier>{4FC737F1-C7A5-4376-A066-2A32D752A2FF}</UniqueIdentifier>
      <Extensions>cpp;c;cc;cxx;def;odl;idl;hpj;bat;asm;asmx</Extensions>
    </Filter>
    <Filter Include="Header Files">
      <UniqueIdentifier>{93995380-89BD-4b04-88EB-625FBE52EBFB}</UniqueIdentifier>
      <Extensions>h;hh;hpp;hxx;hm;inl;inc;xsd</Extensions>
    </Filter>
    <Filter Include="Resource Files">
      <UniqueIdentifier>{67DA6AB6-F800-4c08-8B7A-83BB121AAD01}</UniqueIdentifier>
      <Extensions>rc;ico;cur;bmp;dlg;rc2;rct;bin;rgs;gif;jpg;jpeg;jpe;resx;tiff;tif;png;wav;mfcribbon-ms</Extensions>
    </Filter>
    <Filter Include="Header Files\resources">
      <UniqueIdentifier>{23aad4b1-cb88-4ef0-a94b-7f1aff051622}</UniqueIdentifier>
    </Filter>
    <Filter Include="Source Files\resources">
      <UniqueIdentifier>{e5412c4c-0a6a-4098-a03f-3d4b100096be}</UniqueIdentifier>
    </Filter>
    <Filter Include="Header Files\math">
      <UniqueIdentifier>{ea735cb8-967f-4d2f-9f12-27873f68f5a7}</UniqueIdentifier>
    </Filter>
    <Filter Include="Source Files\input">
      <UniqueIdentifier>{fe9c651c-9dd2-409e-924d-e8fe2bdbd90e}</UniqueIdentifier>
    </Filter>
    <Filter Include="Header Files\input">
      <UniqueIdentifier>{d895031b-a4bb-45c0-8fbf-27f0ffa232c3}</UniqueIdentifier>
    </Filter>
    <Filter Include="Header Files\scene">
      <UniqueIdentifier>{f57c2aa3-cd75-442f-868e-5ce39264273b}</UniqueIdentifier>
    </Filter>
    <Filter Include="Source Files\scene">
      <UniqueIdentifier>{8917afb5-f5a5-48f1-989e-047d8d588682}</UniqueIdentifier>
    </Filter>
    <Filter Include="Source Files\physics">
      <UniqueIdentifier>{5b9cf859-0b3b-43bc-9376-3452ed8eabf8}</UniqueIdentifier>
    </Filter>
    <Filter Include="Header Files\physics">
      <UniqueIdentifier>{15511f1b-e7e5-4e1e-8144-554516136eb2}</UniqueIdentifier>
    </Filter>
    <Filter Include="Source Files\math">
      <UniqueIdentifier>{fdaa5f94-a472-497f-a789-6d62939c5f0d}</UniqueIdentifier>
    </Filter>
    <Filter Include="Header Files\filesys">
      <UniqueIdentifier>{276791d8-492c-4746-bcc8-0d7302a3d6f5}</UniqueIdentifier>
    </Filter>
    <Filter Include="Source Files\filesys">
      <UniqueIdentifier>{d135854c-a577-4c05-8f1d-ef75399b308c}</UniqueIdentifier>
    </Filter>
  </ItemGroup>
  <ItemGroup>
    <Text Include="ReadMe.txt" />
  </ItemGroup>
  <ItemGroup>
    <ClInclude Include="stdafx.h">
      <Filter>Header Files</Filter>
    </ClInclude>
    <ClInclude Include="Resource.h">
      <Filter>Header Files</Filter>
    </ClInclude>
    <ClInclude Include="WhamEngine.h">
      <Filter>Header Files</Filter>
    </ClInclude>
    <ClInclude Include="targetver.h">
      <Filter>Header Files</Filter>
    </ClInclude>
    <ClInclude Include="resources\ResourceMan.h">
      <Filter>Header Files\resources</Filter>
    </ClInclude>
    <ClInclude Include="resources\Texture.h">
      <Filter>Header Files\resources</Filter>
    </ClInclude>
    <ClInclude Include="math\Matrix.h">
      <Filter>Header Files\math</Filter>
    </ClInclude>
    <ClInclude Include="math\Quaternion.h">
      <Filter>Header Files\math</Filter>
    </ClInclude>
    <ClInclude Include="math\Vector.h">
      <Filter>Header Files\math</Filter>
    </ClInclude>
    <ClInclude Include="math\Math.h">
      <Filter>Header Files\math</Filter>
    </ClInclude>
    <ClInclude Include="input\InputMan.h">
      <Filter>Header Files\input</Filter>
    </ClInclude>
    <ClInclude Include="scene\StateMan.h">
      <Filter>Header Files\scene</Filter>
    </ClInclude>
    <ClInclude Include="scene\Camera.h">
      <Filter>Header Files\scene</Filter>
    </ClInclude>
    <ClInclude Include="scene\SceneGraph.h">
      <Filter>Header Files\scene</Filter>
    </ClInclude>
    <ClInclude Include="physics\PhysicsMan.h">
      <Filter>Header Files\physics</Filter>
    </ClInclude>
    <ClInclude Include="scene\Light.h">
      <Filter>Header Files\scene</Filter>
    </ClInclude>
    <ClInclude Include="scene\Color.h">
      <Filter>Header Files\scene</Filter>
    </ClInclude>
    <ClInclude Include="scene\Quad.h">
      <Filter>Header Files\scene</Filter>
    </ClInclude>
    <ClInclude Include="scene\TriMesh.h">
      <Filter>Header Files\scene</Filter>
    </ClInclude>
    <ClInclude Include="scene\Spatial.h">
      <Filter>Header Files\scene</Filter>
    </ClInclude>
    <ClInclude Include="scene\Entity.h">
      <Filter>Header Files\scene</Filter>
    </ClInclude>
    <ClInclude Include="scene\Geometry.h">
      <Filter>Header Files\scene</Filter>
    </ClInclude>
    <ClInclude Include="scene\AnimChannel.h">
      <Filter>Header Files\scene</Filter>
    </ClInclude>
    <ClInclude Include="scene\AnimClip.h">
      <Filter>Header Files\scene</Filter>
    </ClInclude>
    <ClInclude Include="scene\Bone.h">
      <Filter>Header Files\scene</Filter>
    </ClInclude>
    <ClInclude Include="scene\VertexBoneInfo.h">
      <Filter>Header Files\scene</Filter>
    </ClInclude>
    <ClInclude Include="resources\LoadedGeometry.h">
      <Filter>Header Files\resources</Filter>
    </ClInclude>
    <ClInclude Include="scene\Box.h">
      <Filter>Header Files\scene</Filter>
    </ClInclude>
    <ClInclude Include="scene\Pyramid.h">
      <Filter>Header Files\scene</Filter>
    </ClInclude>
    <ClInclude Include="scene\Quadric.h">
      <Filter>Header Files\scene</Filter>
    </ClInclude>
    <ClInclude Include="RenderMan.h">
      <Filter>Header Files</Filter>
    </ClInclude>
    <ClInclude Include="scene\Clock.h">
      <Filter>Header Files\scene</Filter>
    </ClInclude>
    <ClInclude Include="input\Command.h">
      <Filter>Header Files\input</Filter>
    </ClInclude>
    <ClInclude Include="input\RotationCommand.h">
      <Filter>Header Files\input</Filter>
    </ClInclude>
    <ClInclude Include="input\TransformationCommand.h">
      <Filter>Header Files\input</Filter>
    </ClInclude>
    <ClInclude Include="input\TranslationCommand.h">
      <Filter>Header Files\input</Filter>
    </ClInclude>
    <ClInclude Include="input\PitchCommand.h">
      <Filter>Header Files\input</Filter>
    </ClInclude>
    <ClInclude Include="input\RollCommand.h">
      <Filter>Header Files\input</Filter>
    </ClInclude>
    <ClInclude Include="input\YawCommand.h">
      <Filter>Header Files\input</Filter>
    </ClInclude>
    <ClInclude Include="input\ScaleCommand.h">
      <Filter>Header Files\input</Filter>
    </ClInclude>
    <ClInclude Include="input\ShootCommand.h">
      <Filter>Header Files\input</Filter>
    </ClInclude>
    <ClInclude Include="input\SetGravityCommand.h">
      <Filter>Header Files\input</Filter>
    </ClInclude>
    <ClInclude Include="input\ForwardCommand.h">
      <Filter>Header Files\input</Filter>
    </ClInclude>
    <ClInclude Include="input\RightCommand.h">
      <Filter>Header Files\input</Filter>
    </ClInclude>
    <ClInclude Include="input\UpCommand.h">
      <Filter>Header Files\input</Filter>
    </ClInclude>
    <ClInclude Include="filesys\DblStackAllocator.h">
      <Filter>Header Files\filesys</Filter>
    </ClInclude>
    <ClInclude Include="filesys\FileSystemMan.h">
      <Filter>Header Files\filesys</Filter>
    </ClInclude>
    <ClInclude Include="filesys\PoolAllocator.h">
      <Filter>Header Files\filesys</Filter>
    </ClInclude>
    <ClInclude Include="resources\Material.h">
      <Filter>Header Files\resources</Filter>
    </ClInclude>
    <ClInclude Include="scene\Node.h">
      <Filter>Header Files\scene</Filter>
    </ClInclude>
  </ItemGroup>
  <ItemGroup>
    <ClCompile Include="stdafx.cpp">
      <Filter>Source Files</Filter>
    </ClCompile>
    <ClCompile Include="WhamEngine.cpp">
      <Filter>Source Files</Filter>
    </ClCompile>
    <ClCompile Include="resources\ResourceMan.cpp">
      <Filter>Source Files\resources</Filter>
    </ClCompile>
    <ClCompile Include="resources\Texture.cpp">
      <Filter>Source Files\resources</Filter>
    </ClCompile>
    <ClCompile Include="input\InputMan.cpp">
      <Filter>Source Files\input</Filter>
    </ClCompile>
    <ClCompile Include="scene\StateMan.cpp">
      <Filter>Source Files\scene</Filter>
    </ClCompile>
    <ClCompile Include="scene\Camera.cpp">
      <Filter>Source Files\scene</Filter>
    </ClCompile>
    <ClCompile Include="scene\SceneGraph.cpp">
      <Filter>Source Files\scene</Filter>
    </ClCompile>
    <ClCompile Include="physics\PhysicsMan.cpp">
      <Filter>Source Files\physics</Filter>
    </ClCompile>
    <ClCompile Include="scene\Light.cpp">
      <Filter>Source Files\scene</Filter>
    </ClCompile>
    <ClCompile Include="scene\Color.cpp">
      <Filter>Source Files\scene</Filter>
    </ClCompile>
    <ClCompile Include="scene\Quad.cpp">
      <Filter>Source Files\scene</Filter>
    </ClCompile>
    <ClCompile Include="scene\TriMesh.cpp">
      <Filter>Source Files\scene</Filter>
    </ClCompile>
    <ClCompile Include="scene\Geometry.cpp">
      <Filter>Source Files\scene</Filter>
    </ClCompile>
    <ClCompile Include="scene\Spatial.cpp">
      <Filter>Source Files\scene</Filter>
    </ClCompile>
    <ClCompile Include="scene\Bone.cpp">
      <Filter>Source Files\scene</Filter>
    </ClCompile>
    <ClCompile Include="scene\VertexBoneInfo.cpp">
      <Filter>Source Files\scene</Filter>
    </ClCompile>
    <ClCompile Include="scene\AnimChannel.cpp">
      <Filter>Source Files\scene</Filter>
    </ClCompile>
    <ClCompile Include="scene\AnimClip.cpp">
      <Filter>Source Files\scene</Filter>
    </ClCompile>
    <ClCompile Include="resources\LoadedGeometry.cpp">
      <Filter>Source Files\resources</Filter>
    </ClCompile>
    <ClCompile Include="scene\Box.cpp">
      <Filter>Source Files\scene</Filter>
    </ClCompile>
    <ClCompile Include="scene\Pyramid.cpp">
      <Filter>Source Files\scene</Filter>
    </ClCompile>
    <ClCompile Include="scene\Quadric.cpp">
      <Filter>Source Files\scene</Filter>
    </ClCompile>
    <ClCompile Include="RenderMan.cpp">
      <Filter>Source Files</Filter>
    </ClCompile>
    <ClCompile Include="scene\Clock.cpp">
      <Filter>Source Files\scene</Filter>
    </ClCompile>
    <ClCompile Include="math\Math.cpp">
      <Filter>Source Files\math</Filter>
    </ClCompile>
    <ClCompile Include="scene\Entity.cpp">
      <Filter>Source Files\scene</Filter>
    </ClCompile>
    <ClCompile Include="input\PitchCommand.cpp">
      <Filter>Source Files\input</Filter>
    </ClCompile>
    <ClCompile Include="input\RollCommand.cpp">
      <Filter>Source Files\input</Filter>
    </ClCompile>
    <ClCompile Include="input\RotationCommand.cpp">
      <Filter>Source Files\input</Filter>
    </ClCompile>
    <ClCompile Include="input\TransformationCommand.cpp">
      <Filter>Source Files\input</Filter>
    </ClCompile>
    <ClCompile Include="input\TranslationCommand.cpp">
      <Filter>Source Files\input</Filter>
    </ClCompile>
    <ClCompile Include="input\YawCommand.cpp">
      <Filter>Source Files\input</Filter>
    </ClCompile>
    <ClCompile Include="input\ScaleCommand.cpp">
      <Filter>Source Files\input</Filter>
    </ClCompile>
    <ClCompile Include="input\ShootCommand.cpp">
      <Filter>Source Files\input</Filter>
    </ClCompile>
    <ClCompile Include="input\SetGravityCommand.cpp">
      <Filter>Source Files\input</Filter>
    </ClCompile>
    <ClCompile Include="input\UpCommand.cpp">
      <Filter>Source Files\input</Filter>
    </ClCompile>
    <ClCompile Include="input\ForwardCommand.cpp">
      <Filter>Source Files\input</Filter>
    </ClCompile>
    <ClCompile Include="input\RightCommand.cpp">
      <Filter>Source Files\input</Filter>
    </ClCompile>
    <ClCompile Include="filesys\FileSystemMan.cpp">
      <Filter>Source Files\filesys</Filter>
    </ClCompile>
    <ClCompile Include="resources\Material.cpp">
      <Filter>Source Files\resources</Filter>
    </ClCompile>
    <ClCompile Include="scene\Node.cpp">
      <Filter>Source Files\scene</Filter>
    </ClCompile>
  </ItemGroup>
  <ItemGroup>
    <ResourceCompile Include="WhamEngine.rc">
      <Filter>Resource Files</Filter>
    </ResourceCompile>
  </ItemGroup>
  <ItemGroup>
    <Image Include="small.ico">
      <Filter>Resource Files</Filter>
    </Image>
    <Image Include="WhamEngine.ico">
      <Filter>Resource Files</Filter>
    </Image>
  </ItemGroup>
</Project>